
Microsoft Visual Studio Solution File, Format Version 12.00
# Visual Studio Version 17
VisualStudioVersion = 17.14.36310.24 d17.14
MinimumVisualStudioVersion = 10.0.40219.1
Project("{FAE04EC0-301F-11D3-BF4B-00C04F79EFBC}") = "MadLibs", "MadLibs\MadLibs.csproj", "{677FC0FA-2E35-4F95-8992-E043B3B45AD4}"
EndProject
Global
	GlobalSection(SolutionConfigurationPlatforms) = preSolution
		Debug|Any CPU = Debug|Any CPU
		Release|Any CPU = Release|Any CPU
	EndGlobalSection
	GlobalSection(ProjectConfigurationPlatforms) = postSolution
		{677FC0FA-2E35-4F95-8992-E043B3B45AD4}.Debug|Any CPU.ActiveCfg = Debug|Any CPU
		{677FC0FA-2E35-4F95-8992-E043B3B45AD4}.Debug|Any CPU.Build.0 = Debug|Any CPU
		{677FC0FA-2E35-4F95-8992-E043B3B45AD4}.Release|Any CPU.ActiveCfg = Release|Any CPU
		{677FC0FA-2E35-4F95-8992-E043B3B45AD4}.Release|Any CPU.Build.0 = Release|Any CPU
	EndGlobalSection
	GlobalSection(SolutionProperties) = preSolution
		HideSolutionNode = FALSE
	EndGlobalSection
	GlobalSection(ExtensibilityGlobals) = postSolution
		SolutionGuid = {9B9F349C-00ED-4C23-B1D6-626C573441C9}
	EndGlobalSection
EndGlobal
